
Microsoft Visual Studio Solution File, Format Version 12.00
# Visual Studio 14
VisualStudioVersion = 14.0.24720.0
MinimumVisualStudioVersion = 10.0.40219.1
Project("{E24C65DC-7377-472B-9ABA-BC803B73C61A}") = "WebGLworkshop", "WebGLworkshop\", "{0BEC6815-B30A-4C7A-AD5F-8626AB8A30E1}"
	ProjectSection(WebsiteProperties) = preProject
		TargetFrameworkMoniker = ".NETFramework,Version%3Dv4.5.2"
		Debug.AspNetCompiler.VirtualPath = "/localhost_50505"
		Debug.AspNetCompiler.PhysicalPath = "WebGLworkshop\"
		Debug.AspNetCompiler.TargetPath = "PrecompiledWeb\localhost_50505\"
		Debug.AspNetCompiler.Updateable = "true"
		Debug.AspNetCompiler.ForceOverwrite = "true"
		Debug.AspNetCompiler.FixedNames = "false"
		Debug.AspNetCompiler.Debug = "True"
		Release.AspNetCompiler.VirtualPath = "/localhost_50505"
		Release.AspNetCompiler.PhysicalPath = "WebGLworkshop\"
		Release.AspNetCompiler.TargetPath = "PrecompiledWeb\localhost_50505\"
		Release.AspNetCompiler.Updateable = "true"
		Release.AspNetCompiler.ForceOverwrite = "true"
		Release.AspNetCompiler.FixedNames = "false"
		Release.AspNetCompiler.Debug = "False"
		VWDPort = "50505"
	EndProjectSection
EndProject
Global
	GlobalSection(SolutionConfigurationPlatforms) = preSolution
		Debug|Any CPU = Debug|Any CPU
	EndGlobalSection
	GlobalSection(ProjectConfigurationPlatforms) = postSolution
		{0BEC6815-B30A-4C7A-AD5F-8626AB8A30E1}.Debug|Any CPU.ActiveCfg = Debug|Any CPU
		{0BEC6815-B30A-4C7A-AD5F-8626AB8A30E1}.Debug|Any CPU.Build.0 = Debug|Any CPU
	EndGlobalSection
	GlobalSection(SolutionProperties) = preSolution
		HideSolutionNode = FALSE
	EndGlobalSection
EndGlobal
